github.com/creack/pty v1.1.24 h1:bJrF4RRfyJnbTJqzRLHzcGaZK1NeM5kTC9jGgovnR1s=
github.com/creack/pty v1.1.24/go.mod h1:08sCNb52WyoAwi2QDyzUCTgcvVFhUzewun7wtTfvcwE=
go.mitchellh.com/libghostty v0.0.0-20260920220152-31b65cdc24cf h1:PgfZ7mRcXk8n3+B+46oo9WxDi6xK1z6feOQEKNRWCBs=
go.mitchellh.com/libghostty v0.0.0-20260920220152-31b65cdc24cf/go.mod h1:sx8yDvnDrQC/PzsrFfYx7ROmH8my91nz7lOxQb6sbo0=
golang.org/x/sys v0.48.0 h1:bbX/i/6MgT9BVLM9RT1thmxL04yeTAhbEz4SyadbXoo=
golang.org/x/sys v0.48.0/go.mod h1:hNLxWAXmnKAxqDtdwIYC4bM9oQPEecfsnNMuSxOs3og=
